// !$*UTF8*$!
{
	archiveVersion = 1;
	classes = {
	};
	objectVersion = 50;
	objects = {

/* Begin PBXBuildFile section */
		8543EB00221D264C00DD801C /* AppDelegate.swift in Sources */ = {isa = PBXBuildFile; fileRef = 8543EAFF221D264C00DD801C /* AppDelegate.swift */; };
		8543EB05221D264C00DD801C /* Main.storyboard in Resources */ = {isa = PBXBuildFile; fileRef = 8543EB03221D264C00DD801C /* Main.storyboard */; };
		8543EB07221D264E00DD801C /* Assets.xcassets in Resources */ = {isa = PBXBuildFile; fileRef = 8543EB06221D264E00DD801C /* Assets.xcassets */; };
		8543EB0A221D264E00DD801C /* LaunchScreen.storyboard in Resources */ = {isa = PBXBuildFile; fileRef = 8543EB08221D264E00DD801C /* LaunchScreen.storyboard */; };
		856ED524221D27EF00D98083 /* Storyboard+PawNergy.swift in Sources */ = {isa = PBXBuildFile; fileRef = 856ED523221D27EF00D98083 /* Storyboard+PawNergy.swift */; };
		856ED527221D294800D98083 /* CoordinatorProtocol.swift in Sources */ = {isa = PBXBuildFile; fileRef = 856ED526221D294800D98083 /* CoordinatorProtocol.swift */; };
		856ED529221D29A800D98083 /* WelcomeCoordinator.swift in Sources */ = {isa = PBXBuildFile; fileRef = 856ED528221D29A800D98083 /* WelcomeCoordinator.swift */; };
		856ED52C221D2A8700D98083 /* WelcomeViewController.swift in Sources */ = {isa = PBXBuildFile; fileRef = 856ED52B221D2A8700D98083 /* WelcomeViewController.swift */; };
		856ED52E221D2D8F00D98083 /* MainCoordinator.swift in Sources */ = {isa = PBXBuildFile; fileRef = 856ED52D221D2D8F00D98083 /* MainCoordinator.swift */; };
		856ED530221D347A00D98083 /* UIColor+PawNergy.swift in Sources */ = {isa = PBXBuildFile; fileRef = 856ED52F221D347A00D98083 /* UIColor+PawNergy.swift */; };
/* End PBXBuildFile section */

/* Begin PBXFileReference section */
		8543EAFC221D264C00DD801C /* PawNergy.app */ = {isa = PBXFileReference; explicitFileType = wrapper.application; includeInIndex = 0; path = PawNergy.app; sourceTree = BUILT_PRODUCTS_DIR; };
		8543EAFF221D264C00DD801C /* AppDelegate.swift */ = {isa = PBXFileReference; lastKnownFileType = sourcecode.swift; path = AppDelegate.swift; sourceTree = "<group>"; };
		8543EB04221D264C00DD801C /* Base */ = {isa = PBXFileReference; lastKnownFileType = file.storyboard; name = Base; path = Base.lproj/Main.storyboard; sourceTree = "<group>"; };
		8543EB06221D264E00DD801C /* Assets.xcassets */ = {isa = PBXFileReference; lastKnownFileType = folder.assetcatalog; path = Assets.xcassets; sourceTree = "<group>"; };
		8543EB09221D264E00DD801C /* Base */ = {isa = PBXFileReference; lastKnownFileType = file.storyboard; name = Base; path = Base.lproj/LaunchScreen.storyboard; sourceTree = "<group>"; };
		8543EB0B221D264E00DD801C /* Info.plist */ = {isa = PBXFileReference; lastKnownFileType = text.plist.xml; path = Info.plist; sourceTree = "<group>"; };
		856ED523221D27EF00D98083 /* Storyboard+PawNergy.swift */ = {isa = PBXFileReference; lastKnownFileType = sourcecode.swift; path = "Storyboard+PawNergy.swift"; sourceTree = "<group>"; };
		856ED526221D294800D98083 /* CoordinatorProtocol.swift */ = {isa = PBXFileReference; lastKnownFileType = sourcecode.swift; path = CoordinatorProtocol.swift; sourceTree = "<group>"; };
		856ED528221D29A800D98083 /* WelcomeCoordinator.swift */ = {isa = PBXFileReference; lastKnownFileType = sourcecode.swift; path = WelcomeCoordinator.swift; sourceTree = "<group>"; };
		856ED52B221D2A8700D98083 /* WelcomeViewController.swift */ = {isa = PBXFileReference; lastKnownFileType = sourcecode.swift; path = WelcomeViewController.swift; sourceTree = "<group>"; };
		856ED52D221D2D8F00D98083 /* MainCoordinator.swift */ = {isa = PBXFileReference; lastKnownFileType = sourcecode.swift; path = MainCoordinator.swift; sourceTree = "<group>"; };
		856ED52F221D347A00D98083 /* UIColor+PawNergy.swift */ = {isa = PBXFileReference; lastKnownFileType = sourcecode.swift; path = "UIColor+PawNergy.swift"; sourceTree = "<group>"; };
/* End PBXFileReference section */

/* Begin PBXFrameworksBuildPhase section */
		8543EAF9221D264C00DD801C /* Frameworks */ = {
			isa = PBXFrameworksBuildPhase;
			buildActionMask = 2147483647;
			files = (
			);
			runOnlyForDeploymentPostprocessing = 0;
		};
/* End PBXFrameworksBuildPhase section */

/* Begin PBXGroup section */
		8543EAF3221D264C00DD801C = {
			isa = PBXGroup;
			children = (
				8543EAFE221D264C00DD801C /* PawNergy */,
				8543EAFD221D264C00DD801C /* Products */,
			);
			sourceTree = "<group>";
		};
		8543EAFD221D264C00DD801C /* Products */ = {
			isa = PBXGroup;
			children = (
				8543EAFC221D264C00DD801C /* PawNergy.app */,
			);
			name = Products;
			sourceTree = "<group>";
		};
		8543EAFE221D264C00DD801C /* PawNergy */ = {
			isa = PBXGroup;
			children = (
				856ED52A221D2A6D00D98083 /* Welcome */,
				856ED525221D293800D98083 /* Coordinators */,
				856ED522221D27C900D98083 /* Extension */,
				8543EAFF221D264C00DD801C /* AppDelegate.swift */,
				8543EB03221D264C00DD801C /* Main.storyboard */,
				8543EB06221D264E00DD801C /* Assets.xcassets */,
				8543EB08221D264E00DD801C /* LaunchScreen.storyboard */,
				8543EB0B221D264E00DD801C /* Info.plist */,
			);
			path = PawNergy;
			sourceTree = "<group>";
		};
		856ED522221D27C900D98083 /* Extension */ = {
			isa = PBXGroup;
			children = (
				856ED523221D27EF00D98083 /* Storyboard+PawNergy.swift */,
				856ED52F221D347A00D98083 /* UIColor+PawNergy.swift */,
			);
			path = Extension;
			sourceTree = "<group>";
		};
		856ED525221D293800D98083 /* Coordinators */ = {
			isa = PBXGroup;
			children = (
				856ED526221D294800D98083 /* CoordinatorProtocol.swift */,
				856ED528221D29A800D98083 /* WelcomeCoordinator.swift */,
				856ED52D221D2D8F00D98083 /* MainCoordinator.swift */,
			);
			path = Coordinators;
			sourceTree = "<group>";
		};
		856ED52A221D2A6D00D98083 /* Welcome */ = {
			isa = PBXGroup;
			children = (
				856ED52B221D2A8700D98083 /* WelcomeViewController.swift */,
			);
			path = Welcome;
			sourceTree = "<group>";
		};
/* End PBXGroup section */

/* Begin PBXNativeTarget section */
		8543EAFB221D264C00DD801C /* PawNergy */ = {
			isa = PBXNativeTarget;
			buildConfigurationList = 8543EB0E221D264E00DD801C /* Build configuration list for PBXNativeTarget "PawNergy" */;
			buildPhases = (
				8543EAF8221D264C00DD801C /* Sources */,
				8543EAF9221D264C00DD801C /* Frameworks */,
				8543EAFA221D264C00DD801C /* Resources */,
			);
			buildRules = (
			);
			dependencies = (
			);
			name = PawNergy;
			productName = PawNergy;
			productReference = 8543EAFC221D264C00DD801C /* PawNergy.app */;
			productType = "com.apple.product-type.application";
		};
/* End PBXNativeTarget section */

/* Begin PBXProject section */
		8543EAF4221D264C00DD801C /* Project object */ = {
			isa = PBXProject;
			attributes = {
				LastSwiftUpdateCheck = 1020;
				LastUpgradeCheck = 1020;
				ORGANIZATIONNAME = "Triet Le";
				TargetAttributes = {
					8543EAFB221D264C00DD801C = {
						CreatedOnToolsVersion = 10.2;
					};
				};
			};
			buildConfigurationList = 8543EAF7221D264C00DD801C /* Build configuration list for PBXProject "PawNergy" */;
			compatibilityVersion = "Xcode 9.3";
			developmentRegion = en;
			hasScannedForEncodings = 0;
			knownRegions = (
				en,
				Base,
			);
			mainGroup = 8543EAF3221D264C00DD801C;
			productRefGroup = 8543EAFD221D264C00DD801C /* Products */;
			projectDirPath = "";
			projectRoot = "";
			targets = (
				8543EAFB221D264C00DD801C /* PawNergy */,
			);
		};
/* End PBXProject section */

/* Begin PBXResourcesBuildPhase section */
		8543EAFA221D264C00DD801C /* Resources */ = {
			isa = PBXResourcesBuildPhase;
			buildActionMask = 2147483647;
			files = (
				8543EB0A221D264E00DD801C /* LaunchScreen.storyboard in Resources */,
				8543EB07221D264E00DD801C /* Assets.xcassets in Resources */,
				8543EB05221D264C00DD801C /* Main.storyboard in Resources */,
			);
			runOnlyForDeploymentPostprocessing = 0;
		};
/* End PBXResourcesBuildPhase section */

/* Begin PBXSourcesBuildPhase section */
		8543EAF8221D264C00DD801C /* Sources */ = {
			isa = PBXSourcesBuildPhase;
			buildActionMask = 2147483647;
			files = (
				8543EB00221D264C00DD801C /* AppDelegate.swift in Sources */,
				856ED52E221D2D8F00D98083 /* MainCoordinator.swift in Sources */,
				856ED52C221D2A8700D98083 /* WelcomeViewController.swift in Sources */,
				856ED524221D27EF00D98083 /* Storyboard+PawNergy.swift in Sources */,
				856ED527221D294800D98083 /* CoordinatorProtocol.swift in Sources */,
				856ED530221D347A00D98083 /* UIColor+PawNergy.swift in Sources */,
				856ED529221D29A800D98083 /* WelcomeCoordinator.swift in Sources */,
			);
			runOnlyForDeploymentPostprocessing = 0;
		};
/* End PBXSourcesBuildPhase section */

/* Begin PBXVariantGroup section */
		8543EB03221D264C00DD801C /* Main.storyboard */ = {
			isa = PBXVariantGroup;
			children = (
				8543EB04221D264C00DD801C /* Base */,
			);
			name = Main.storyboard;
			sourceTree = "<group>";
		};
		8543EB08221D264E00DD801C /* LaunchScreen.storyboard */ = {
			isa = PBXVariantGroup;
			children = (
				8543EB09221D264E00DD801C /* Base */,
			);
			name = LaunchScreen.storyboard;
			sourceTree = "<group>";
		};
/* End PBXVariantGroup section */

/* Begin XCBuildConfiguration section */
		8543EB0C221D264E00DD801C /* Debug */ = {
			isa = XCBuildConfiguration;
			buildSettings = {
				ALWAYS_SEARCH_USER_PATHS = NO;
				CLANG_ANALYZER_NONNULL = YES;
				CLANG_ANALYZER_NUMBER_OBJECT_CONVERSION = YES_AGGRESSIVE;
				CLANG_CXX_LANGUAGE_STANDARD = "gnu++14";
				CLANG_CXX_LIBRARY = "libc++";
				CLANG_ENABLE_MODULES = YES;
				CLANG_ENABLE_OBJC_ARC = YES;
				CLANG_ENABLE_OBJC_WEAK = YES;
				CLANG_WARN_BLOCK_CAPTURE_AUTORELEASING = YES;
				CLANG_WARN_BOOL_CONVERSION = YES;
				CLANG_WARN_COMMA = YES;
				CLANG_WARN_CONSTANT_CONVERSION = YES;
				CLANG_WARN_DEPRECATED_OBJC_IMPLEMENTATIONS = YES;
				CLANG_WARN_DIRECT_OBJC_ISA_USAGE = YES_ERROR;
				CLANG_WARN_DOCUMENTATION_COMMENTS = YES;
				CLANG_WARN_EMPTY_BODY = YES;
				CLANG_WARN_ENUM_CONVERSION = YES;
				CLANG_WARN_INFINITE_RECURSION = YES;
				CLANG_WARN_INT_CONVERSION = YES;
				CLANG_WARN_NON_LITERAL_NULL_CONVERSION = YES;
				CLANG_WARN_OBJC_IMPLICIT_RETAIN_SELF = YES;
				CLANG_WARN_OBJC_LITERAL_CONVERSION = YES;
				CLANG_WARN_OBJC_ROOT_CLASS = YES_ERROR;
				CLANG_WARN_RANGE_LOOP_ANALYSIS = YES;
				CLANG_WARN_STRICT_PROTOTYPES = YES;
				CLANG_WARN_SUSPICIOUS_MOVE = YES;
				CLANG_WARN_UNGUARDED_AVAILABILITY = YES_AGGRESSIVE;
				CLANG_WARN_UNREACHABLE_CODE = YES;
				CLANG_WARN__DUPLICATE_METHOD_MATCH = YES;
				CODE_SIGN_IDENTITY = "iPhone Developer";
				COPY_PHASE_STRIP = NO;
				DEBUG_INFORMATION_FORMAT = dwarf;
				ENABLE_STRICT_OBJC_MSGSEND = YES;
				ENABLE_TESTABILITY = YES;
				GCC_C_LANGUAGE_STANDARD = gnu11;
				GCC_DYNAMIC_NO_PIC = NO;
				GCC_NO_COMMON_BLOCKS = YES;
				GCC_OPTIMIZATION_LEVEL = 0;
				GCC_PREPROCESSOR_DEFINITIONS = (
					"DEBUG=1",
					"$(inherited)",
				);
				GCC_WARN_64_TO_32_BIT_CONVERSION = YES;
				GCC_WARN_ABOUT_RETURN_TYPE = YES_ERROR;
				GCC_WARN_UNDECLARED_SELECTOR = YES;
				GCC_WARN_UNINITIALIZED_AUTOS = YES_AGGRESSIVE;
				GCC_WARN_UNUSED_FUNCTION = YES;
				GCC_WARN_UNUSED_VARIABLE = YES;
				IPHONEOS_DEPLOYMENT_TARGET = 11.0;
				MTL_ENABLE_DEBUG_INFO = INCLUDE_SOURCE;
				MTL_FAST_MATH = YES;
				ONLY_ACTIVE_ARCH = YES;
				SDKROOT = iphoneos;
				SWIFT_ACTIVE_COMPILATION_CONDITIONS = DEBUG;
				SWIFT_OPTIMIZATION_LEVEL = "-Onone";
			};
			name = Debug;
		};
		8543EB0D221D264E00DD801C /* Release */ = {
			isa = XCBuildConfiguration;
			buildSettings = {
				ALWAYS_SEARCH_USER_PATHS = NO;
				CLANG_ANALYZER_NONNULL = YES;
				CLANG_ANALYZER_NUMBER_OBJECT_CONVERSION = YES_AGGRESSIVE;
				CLANG_CXX_LANGUAGE_STANDARD = "gnu++14";
				CLANG_CXX_LIBRARY = "libc++";
				CLANG_ENABLE_MODULES = YES;
				CLANG_ENABLE_OBJC_ARC = YES;
				CLANG_ENABLE_OBJC_WEAK = YES;
				CLANG_WARN_BLOCK_CAPTURE_AUTORELEASING = YES;
				CLANG_WARN_BOOL_CONVERSION = YES;
				CLANG_WARN_COMMA = YES;
				CLANG_WARN_CONSTANT_CONVERSION = YES;
				CLANG_WARN_DEPRECATED_OBJC_IMPLEMENTATIONS = YES;
				CLANG_WARN_DIRECT_OBJC_ISA_USAGE = YES_ERROR;
				CLANG_WARN_DOCUMENTATION_COMMENTS = YES;
				CLANG_WARN_EMPTY_BODY = YES;
				CLANG_WARN_ENUM_CONVERSION = YES;
				CLANG_WARN_INFINITE_RECURSION = YES;
				CLANG_WARN_INT_CONVERSION = YES;
				CLANG_WARN_NON_LITERAL_NULL_CONVERSION = YES;
				CLANG_WARN_OBJC_IMPLICIT_RETAIN_SELF = YES;
				CLANG_WARN_OBJC_LITERAL_CONVERSION = YES;
				CLANG_WARN_OBJC_ROOT_CLASS = YES_ERROR;
				CLANG_WARN_RANGE_LOOP_ANALYSIS = YES;
				CLANG_WARN_STRICT_PROTOTYPES = YES;
				CLANG_WARN_SUSPICIOUS_MOVE = YES;
				CLANG_WARN_UNGUARDED_AVAILABILITY = YES_AGGRESSIVE;
				CLANG_WARN_UNREACHABLE_CODE = YES;
				CLANG_WARN__DUPLICATE_METHOD_MATCH = YES;
				CODE_SIGN_IDENTITY = "iPhone Developer";
				COPY_PHASE_STRIP = NO;
				DEBUG_INFORMATION_FORMAT = "dwarf-with-dsym";
				ENABLE_NS_ASSERTIONS = NO;
				ENABLE_STRICT_OBJC_MSGSEND = YES;
				GCC_C_LANGUAGE_STANDARD = gnu11;
				GCC_NO_COMMON_BLOCKS = YES;
				GCC_WARN_64_TO_32_BIT_CONVERSION = YES;
				GCC_WARN_ABOUT_RETURN_TYPE = YES_ERROR;
				GCC_WARN_UNDECLARED_SELECTOR = YES;
				GCC_WARN_UNINITIALIZED_AUTOS = YES_AGGRESSIVE;
				GCC_WARN_UNUSED_FUNCTION = YES;
				GCC_WARN_UNUSED_VARIABLE = YES;
				IPHONEOS_DEPLOYMENT_TARGET = 11.0;
				MTL_ENABLE_DEBUG_INFO = NO;
				MTL_FAST_MATH = YES;
				SDKROOT = iphoneos;
				SWIFT_COMPILATION_MODE = wholemodule;
				SWIFT_OPTIMIZATION_LEVEL = "-O";
				VALIDATE_PRODUCT = YES;
			};
			name = Release;
		};
		8543EB0F221D264E00DD801C /* Debug */ = {
			isa = XCBuildConfiguration;
			buildSettings = {
				ASSETCATALOG_COMPILER_APPICON_NAME = AppIcon;
				CODE_SIGN_STYLE = Automatic;
				DEVELOPMENT_TEAM = 4YAXKT26KV;
				INFOPLIST_FILE = PawNergy/Info.plist;
				IPHONEOS_DEPLOYMENT_TARGET = 11.0;
				LD_RUNPATH_SEARCH_PATHS = (
					"$(inherited)",
					"@executable_path/Frameworks",
				);
				PRODUCT_BUNDLE_IDENTIFIER = com.letrongtriet.PawNergy;
				PRODUCT_NAME = "$(TARGET_NAME)";
				SWIFT_VERSION = 5.0;
				TARGETED_DEVICE_FAMILY = 1;
			};
			name = Debug;
		};
		8543EB10221D264E00DD801C /* Release */ = {
			isa = XCBuildConfiguration;
			buildSettings = {
				ASSETCATALOG_COMPILER_APPICON_NAME = AppIcon;
				CODE_SIGN_STYLE = Automatic;
				DEVELOPMENT_TEAM = 4YAXKT26KV;
				INFOPLIST_FILE = PawNergy/Info.plist;
				IPHONEOS_DEPLOYMENT_TARGET = 11.0;
				LD_RUNPATH_SEARCH_PATHS = (
					"$(inherited)",
					"@executable_path/Frameworks",
				);
				PRODUCT_BUNDLE_IDENTIFIER = com.letrongtriet.PawNergy;
				PRODUCT_NAME = "$(TARGET_NAME)";
				SWIFT_VERSION = 5.0;
				TARGETED_DEVICE_FAMILY = 1;
			};
			name = Release;
		};
/* End XCBuildConfiguration section */

/* Begin XCConfigurationList section */
		8543EAF7221D264C00DD801C /* Build configuration list for PBXProject "PawNergy" */ = {
			isa = XCConfigurationList;
			buildConfigurations = (
				8543EB0C221D264E00DD801C /* Debug */,
				8543EB0D221D264E00DD801C /* Release */,
			);
			defaultConfigurationIsVisible = 0;
			defaultConfigurationName = Release;
		};
		8543EB0E221D264E00DD801C /* Build configuration list for PBXNativeTarget "PawNergy" */ = {
			isa = XCConfigurationList;
			buildConfigurations = (
				8543EB0F221D264E00DD801C /* Debug */,
				8543EB10221D264E00DD801C /* Release */,
			);
			defaultConfigurationIsVisible = 0;
			defaultConfigurationName = Release;
		};
/* End XCConfigurationList section */
	};
	rootObject = 8543EAF4221D264C00DD801C /* Project object */;
}
